
Microsoft Visual Studio Solution File, Format Version 12.00
# Visual Studio 15
VisualStudioVersion = 15.0.26730.12
MinimumVisualStudioVersion = 10.0.40219.1
Project("{9A19103F-16F7-4668-BE54-9A1E7A4F7556}") = "DotNet", "DotNet\DotNet.csproj", "{BDBF58D2-21C2-4C2B-AC46-375853BC50A0}"
EndProject
Global
	GlobalSection(SolutionConfigurationPlatforms) = preSolution
		Debug|Any CPU = Debug|Any CPU
		Release|Any CPU = Release|Any CPU
	EndGlobalSection
	GlobalSection(ProjectConfigurationPlatforms) = postSolution
		{BDBF58D2-21C2-4C2B-AC46-375853BC50A0}.Debug|Any CPU.ActiveCfg = Debug|Any CPU
		{BDBF58D2-21C2-4C2B-AC46-375853BC50A0}.Debug|Any CPU.Build.0 = Debug|Any CPU
		{BDBF58D2-21C2-4C2B-AC46-375853BC50A0}.Release|Any CPU.ActiveCfg = Release|Any CPU
		{BDBF58D2-21C2-4C2B-AC46-375853BC50A0}.Release|Any CPU.Build.0 = Release|Any CPU
	EndGlobalSection
	GlobalSection(SolutionProperties) = preSolution
		HideSolutionNode = FALSE
	EndGlobalSection
	GlobalSection(ExtensibilityGlobals) = postSolution
		SolutionGuid = {68CE3F27-B3A1-41E0-B2BF-469DEA34AA95}
	EndGlobalSection
EndGlobal
